// !$*UTF8*$!
{
	archiveVersion = 1;
	classes = {
	};
	objectVersion = 50;
	objects = {

/* Begin PBXBuildFile section */
		878CC7D721F3C42300D05174 /* AppDelegate.m in Sources */ = {isa = PBXBuildFile; fileRef = 878CC7D621F3C42300D05174 /* AppDelegate.m */; };
		878CC7DA21F3C42300D05174 /* ViewController.m in Sources */ = {isa = PBXBuildFile; fileRef = 878CC7D921F3C42300D05174 /* ViewController.m */; };
		878CC7DD21F3C42300D05174 /* Main.storyboard in Resources */ = {isa = PBXBuildFile; fileRef = 878CC7DB21F3C42300D05174 /* Main.storyboard */; };
		878CC7DF21F3C42500D05174 /* Assets.xcassets in Resources */ = {isa = PBXBuildFile; fileRef = 878CC7DE21F3C42500D05174 /* Assets.xcassets */; };
		878CC7E221F3C42500D05174 /* LaunchScreen.storyboard in Resources */ = {isa = PBXBuildFile; fileRef = 878CC7E021F3C42500D05174 /* LaunchScreen.storyboard */; };
		878CC7E521F3C42500D05174 /* main.m in Sources */ = {isa = PBXBuildFile; fileRef = 878CC7E421F3C42500D05174 /* main.m */; };
		878CC7ED21F3C48000D05174 /* RootViewController.m in Sources */ = {isa = PBXBuildFile; fileRef = 878CC7EC21F3C48000D05174 /* RootViewController.m */; };
		8799703421F3DE81000833C9 /* EmojiViewController.m in Sources */ = {isa = PBXBuildFile; fileRef = 8799703321F3DE81000833C9 /* EmojiViewController.m */; };
		8799703921F3E556000833C9 /* EmojiCollectionViewCell.m in Sources */ = {isa = PBXBuildFile; fileRef = 8799703821F3E556000833C9 /* EmojiCollectionViewCell.m */; };
		8799704321F3FAC9000833C9 /* Soup of Justice License.txt in Resources */ = {isa = PBXBuildFile; fileRef = 8799704121F3FAC8000833C9 /* Soup of Justice License.txt */; };
		8799704421F3FAC9000833C9 /* soupofjustice.ttf in Resources */ = {isa = PBXBuildFile; fileRef = 8799704221F3FAC8000833C9 /* soupofjustice.ttf */; };
/* End PBXBuildFile section */

/* Begin PBXFileReference section */
		878CC7D221F3C42300D05174 /* PizzaMoji.app */ = {isa = PBXFileReference; explicitFileType = wrapper.application; includeInIndex = 0; path = PizzaMoji.app; sourceTree = BUILT_PRODUCTS_DIR; };
		878CC7D521F3C42300D05174 /* AppDelegate.h */ = {isa = PBXFileReference; lastKnownFileType = sourcecode.c.h; path = AppDelegate.h; sourceTree = "<group>"; };
		878CC7D621F3C42300D05174 /* AppDelegate.m */ = {isa = PBXFileReference; lastKnownFileType = sourcecode.c.objc; path = AppDelegate.m; sourceTree = "<group>"; };
		878CC7D821F3C42300D05174 /* ViewController.h */ = {isa = PBXFileReference; lastKnownFileType = sourcecode.c.h; path = ViewController.h; sourceTree = "<group>"; };
		878CC7D921F3C42300D05174 /* ViewController.m */ = {isa = PBXFileReference; lastKnownFileType = sourcecode.c.objc; path = ViewController.m; sourceTree = "<group>"; };
		878CC7DC21F3C42300D05174 /* Base */ = {isa = PBXFileReference; lastKnownFileType = file.storyboard; name = Base; path = Base.lproj/Main.storyboard; sourceTree = "<group>"; };
		878CC7DE21F3C42500D05174 /* Assets.xcassets */ = {isa = PBXFileReference; lastKnownFileType = folder.assetcatalog; path = Assets.xcassets; sourceTree = "<group>"; };
		878CC7E121F3C42500D05174 /* Base */ = {isa = PBXFileReference; lastKnownFileType = file.storyboard; name = Base; path = Base.lproj/LaunchScreen.storyboard; sourceTree = "<group>"; };
		878CC7E321F3C42500D05174 /* Info.plist */ = {isa = PBXFileReference; lastKnownFileType = text.plist; name = Info.plist; path = ../../Info.plist; sourceTree = "<group>"; };
		878CC7E421F3C42500D05174 /* main.m */ = {isa = PBXFileReference; lastKnownFileType = sourcecode.c.objc; path = main.m; sourceTree = "<group>"; };
		878CC7EB21F3C48000D05174 /* RootViewController.h */ = {isa = PBXFileReference; lastKnownFileType = sourcecode.c.h; path = RootViewController.h; sourceTree = "<group>"; };
		878CC7EC21F3C48000D05174 /* RootViewController.m */ = {isa = PBXFileReference; lastKnownFileType = sourcecode.c.objc; path = RootViewController.m; sourceTree = "<group>"; };
		8799703221F3DE81000833C9 /* EmojiViewController.h */ = {isa = PBXFileReference; lastKnownFileType = sourcecode.c.h; path = EmojiViewController.h; sourceTree = "<group>"; };
		8799703321F3DE81000833C9 /* EmojiViewController.m */ = {isa = PBXFileReference; lastKnownFileType = sourcecode.c.objc; path = EmojiViewController.m; sourceTree = "<group>"; };
		8799703721F3E556000833C9 /* EmojiCollectionViewCell.h */ = {isa = PBXFileReference; lastKnownFileType = sourcecode.c.h; path = EmojiCollectionViewCell.h; sourceTree = "<group>"; };
		8799703821F3E556000833C9 /* EmojiCollectionViewCell.m */ = {isa = PBXFileReference; lastKnownFileType = sourcecode.c.objc; path = EmojiCollectionViewCell.m; sourceTree = "<group>"; };
		8799704121F3FAC8000833C9 /* Soup of Justice License.txt */ = {isa = PBXFileReference; fileEncoding = 4; lastKnownFileType = text; path = "Soup of Justice License.txt"; sourceTree = "<group>"; };
		8799704221F3FAC8000833C9 /* soupofjustice.ttf */ = {isa = PBXFileReference; lastKnownFileType = file; path = soupofjustice.ttf; sourceTree = "<group>"; };
/* End PBXFileReference section */

/* Begin PBXFrameworksBuildPhase section */
		878CC7CF21F3C42300D05174 /* Frameworks */ = {
			isa = PBXFrameworksBuildPhase;
			buildActionMask = 2147483647;
			files = (
			);
			runOnlyForDeploymentPostprocessing = 0;
		};
/* End PBXFrameworksBuildPhase section */

/* Begin PBXGroup section */
		878CC7C921F3C42300D05174 = {
			isa = PBXGroup;
			children = (
				878CC7D421F3C42300D05174 /* PizzaMoji */,
				878CC7D321F3C42300D05174 /* Products */,
			);
			sourceTree = "<group>";
		};
		878CC7D321F3C42300D05174 /* Products */ = {
			isa = PBXGroup;
			children = (
				878CC7D221F3C42300D05174 /* PizzaMoji.app */,
			);
			name = Products;
			sourceTree = "<group>";
		};
		878CC7D421F3C42300D05174 /* PizzaMoji */ = {
			isa = PBXGroup;
			children = (
				878CC7D521F3C42300D05174 /* AppDelegate.h */,
				878CC7D621F3C42300D05174 /* AppDelegate.m */,
				878CC7DB21F3C42300D05174 /* Main.storyboard */,
				8799703521F3E501000833C9 /* Controllers */,
				8799703621F3E506000833C9 /* Cells */,
				8799703F21F3E74A000833C9 /* Supporting Files */,
			);
			path = PizzaMoji;
			sourceTree = "<group>";
		};
		8799703521F3E501000833C9 /* Controllers */ = {
			isa = PBXGroup;
			children = (
				878CC7EB21F3C48000D05174 /* RootViewController.h */,
				878CC7EC21F3C48000D05174 /* RootViewController.m */,
				8799703221F3DE81000833C9 /* EmojiViewController.h */,
				8799703321F3DE81000833C9 /* EmojiViewController.m */,
				878CC7D821F3C42300D05174 /* ViewController.h */,
				878CC7D921F3C42300D05174 /* ViewController.m */,
			);
			path = Controllers;
			sourceTree = "<group>";
		};
		8799703621F3E506000833C9 /* Cells */ = {
			isa = PBXGroup;
			children = (
				8799703721F3E556000833C9 /* EmojiCollectionViewCell.h */,
				8799703821F3E556000833C9 /* EmojiCollectionViewCell.m */,
			);
			path = Cells;
			sourceTree = "<group>";
		};
		8799703F21F3E74A000833C9 /* Supporting Files */ = {
			isa = PBXGroup;
			children = (
				8799704021F3FAC8000833C9 /* soup_of_justice */,
				878CC7E321F3C42500D05174 /* Info.plist */,
				878CC7E421F3C42500D05174 /* main.m */,
				878CC7E021F3C42500D05174 /* LaunchScreen.storyboard */,
				878CC7DE21F3C42500D05174 /* Assets.xcassets */,
			);
			path = "Supporting Files";
			sourceTree = "<group>";
		};
		8799704021F3FAC8000833C9 /* soup_of_justice */ = {
			isa = PBXGroup;
			children = (
				8799704121F3FAC8000833C9 /* Soup of Justice License.txt */,
				8799704221F3FAC8000833C9 /* soupofjustice.ttf */,
			);
			path = soup_of_justice;
			sourceTree = "<group>";
		};
/* End PBXGroup section */

/* Begin PBXNativeTarget section */
		878CC7D121F3C42300D05174 /* PizzaMoji */ = {
			isa = PBXNativeTarget;
			buildConfigurationList = 878CC7E821F3C42500D05174 /* Build configuration list for PBXNativeTarget "PizzaMoji" */;
			buildPhases = (
				878CC7CE21F3C42300D05174 /* Sources */,
				878CC7CF21F3C42300D05174 /* Frameworks */,
				878CC7D021F3C42300D05174 /* Resources */,
			);
			buildRules = (
			);
			dependencies = (
			);
			name = PizzaMoji;
			productName = PizzaMoji;
			productReference = 878CC7D221F3C42300D05174 /* PizzaMoji.app */;
			productType = "com.apple.product-type.application";
		};
/* End PBXNativeTarget section */

/* Begin PBXProject section */
		878CC7CA21F3C42300D05174 /* Project object */ = {
			isa = PBXProject;
			attributes = {
				LastUpgradeCheck = 1010;
				ORGANIZATIONNAME = "Amar-Bhatia";
				TargetAttributes = {
					878CC7D121F3C42300D05174 = {
						CreatedOnToolsVersion = 10.1;
					};
				};
			};
			buildConfigurationList = 878CC7CD21F3C42300D05174 /* Build configuration list for PBXProject "PizzaMoji" */;
			compatibilityVersion = "Xcode 9.3";
			developmentRegion = en;
			hasScannedForEncodings = 0;
			knownRegions = (
				en,
				Base,
			);
			mainGroup = 878CC7C921F3C42300D05174;
			productRefGroup = 878CC7D321F3C42300D05174 /* Products */;
			projectDirPath = "";
			projectRoot = "";
			targets = (
				878CC7D121F3C42300D05174 /* PizzaMoji */,
			);
		};
/* End PBXProject section */

/* Begin PBXResourcesBuildPhase section */
		878CC7D021F3C42300D05174 /* Resources */ = {
			isa = PBXResourcesBuildPhase;
			buildActionMask = 2147483647;
			files = (
				8799704421F3FAC9000833C9 /* soupofjustice.ttf in Resources */,
				878CC7E221F3C42500D05174 /* LaunchScreen.storyboard in Resources */,
				878CC7DF21F3C42500D05174 /* Assets.xcassets in Resources */,
				878CC7DD21F3C42300D05174 /* Main.storyboard in Resources */,
				8799704321F3FAC9000833C9 /* Soup of Justice License.txt in Resources */,
			);
			runOnlyForDeploymentPostprocessing = 0;
		};
/* End PBXResourcesBuildPhase section */

/* Begin PBXSourcesBuildPhase section */
		878CC7CE21F3C42300D05174 /* Sources */ = {
			isa = PBXSourcesBuildPhase;
			buildActionMask = 2147483647;
			files = (
				878CC7DA21F3C42300D05174 /* ViewController.m in Sources */,
				878CC7E521F3C42500D05174 /* main.m in Sources */,
				878CC7ED21F3C48000D05174 /* RootViewController.m in Sources */,
				8799703921F3E556000833C9 /* EmojiCollectionViewCell.m in Sources */,
				878CC7D721F3C42300D05174 /* AppDelegate.m in Sources */,
				8799703421F3DE81000833C9 /* EmojiViewController.m in Sources */,
			);
			runOnlyForDeploymentPostprocessing = 0;
		};
/* End PBXSourcesBuildPhase section */

/* Begin PBXVariantGroup section */
		878CC7DB21F3C42300D05174 /* Main.storyboard */ = {
			isa = PBXVariantGroup;
			children = (
				878CC7DC21F3C42300D05174 /* Base */,
			);
			name = Main.storyboard;
			sourceTree = "<group>";
		};
		878CC7E021F3C42500D05174 /* LaunchScreen.storyboard */ = {
			isa = PBXVariantGroup;
			children = (
				878CC7E121F3C42500D05174 /* Base */,
			);
			name = LaunchScreen.storyboard;
			sourceTree = "<group>";
		};
/* End PBXVariantGroup section */

/* Begin XCBuildConfiguration section */
		878CC7E621F3C42500D05174 /* Debug */ = {
			isa = XCBuildConfiguration;
			buildSettings = {
				ALWAYS_SEARCH_USER_PATHS = NO;
				CLANG_ANALYZER_NONNULL = YES;
				CLANG_ANALYZER_NUMBER_OBJECT_CONVERSION = YES_AGGRESSIVE;
				CLANG_CXX_LANGUAGE_STANDARD = "gnu++14";
				CLANG_CXX_LIBRARY = "libc++";
				CLANG_ENABLE_MODULES = YES;
				CLANG_ENABLE_OBJC_ARC = YES;
				CLANG_ENABLE_OBJC_WEAK = YES;
				CLANG_WARN_BLOCK_CAPTURE_AUTORELEASING = YES;
				CLANG_WARN_BOOL_CONVERSION = YES;
				CLANG_WARN_COMMA = YES;
				CLANG_WARN_CONSTANT_CONVERSION = YES;
				CLANG_WARN_DEPRECATED_OBJC_IMPLEMENTATIONS = YES;
				CLANG_WARN_DIRECT_OBJC_ISA_USAGE = YES_ERROR;
				CLANG_WARN_DOCUMENTATION_COMMENTS = YES;
				CLANG_WARN_EMPTY_BODY = YES;
				CLANG_WARN_ENUM_CONVERSION = YES;
				CLANG_WARN_INFINITE_RECURSION = YES;
				CLANG_WARN_INT_CONVERSION = YES;
				CLANG_WARN_NON_LITERAL_NULL_CONVERSION = YES;
				CLANG_WARN_OBJC_IMPLICIT_RETAIN_SELF = YES;
				CLANG_WARN_OBJC_LITERAL_CONVERSION = YES;
				CLANG_WARN_OBJC_ROOT_CLASS = YES_ERROR;
				CLANG_WARN_RANGE_LOOP_ANALYSIS = YES;
				CLANG_WARN_STRICT_PROTOTYPES = YES;
				CLANG_WARN_SUSPICIOUS_MOVE = YES;
				CLANG_WARN_UNGUARDED_AVAILABILITY = YES_AGGRESSIVE;
				CLANG_WARN_UNREACHABLE_CODE = YES;
				CLANG_WARN__DUPLICATE_METHOD_MATCH = YES;
				CODE_SIGN_IDENTITY = "iPhone Developer";
				COPY_PHASE_STRIP = NO;
				DEBUG_INFORMATION_FORMAT = dwarf;
				ENABLE_STRICT_OBJC_MSGSEND = YES;
				ENABLE_TESTABILITY = YES;
				GCC_C_LANGUAGE_STANDARD = gnu11;
				GCC_DYNAMIC_NO_PIC = NO;
				GCC_NO_COMMON_BLOCKS = YES;
				GCC_OPTIMIZATION_LEVEL = 0;
				GCC_PREPROCESSOR_DEFINITIONS = (
					"DEBUG=1",
					"$(inherited)",
				);
				GCC_WARN_64_TO_32_BIT_CONVERSION = YES;
				GCC_WARN_ABOUT_RETURN_TYPE = YES_ERROR;
				GCC_WARN_UNDECLARED_SELECTOR = YES;
				GCC_WARN_UNINITIALIZED_AUTOS = YES_AGGRESSIVE;
				GCC_WARN_UNUSED_FUNCTION = YES;
				GCC_WARN_UNUSED_VARIABLE = YES;
				IPHONEOS_DEPLOYMENT_TARGET = 12.1;
				MTL_ENABLE_DEBUG_INFO = INCLUDE_SOURCE;
				MTL_FAST_MATH = YES;
				ONLY_ACTIVE_ARCH = YES;
				SDKROOT = iphoneos;
			};
			name = Debug;
		};
		878CC7E721F3C42500D05174 /* Release */ = {
			isa = XCBuildConfiguration;
			buildSettings = {
				ALWAYS_SEARCH_USER_PATHS = NO;
				CLANG_ANALYZER_NONNULL = YES;
				CLANG_ANALYZER_NUMBER_OBJECT_CONVERSION = YES_AGGRESSIVE;
				CLANG_CXX_LANGUAGE_STANDARD = "gnu++14";
				CLANG_CXX_LIBRARY = "libc++";
				CLANG_ENABLE_MODULES = YES;
				CLANG_ENABLE_OBJC_ARC = YES;
				CLANG_ENABLE_OBJC_WEAK = YES;
				CLANG_WARN_BLOCK_CAPTURE_AUTORELEASING = YES;
				CLANG_WARN_BOOL_CONVERSION = YES;
				CLANG_WARN_COMMA = YES;
				CLANG_WARN_CONSTANT_CONVERSION = YES;
				CLANG_WARN_DEPRECATED_OBJC_IMPLEMENTATIONS = YES;
				CLANG_WARN_DIRECT_OBJC_ISA_USAGE = YES_ERROR;
				CLANG_WARN_DOCUMENTATION_COMMENTS = YES;
				CLANG_WARN_EMPTY_BODY = YES;
				CLANG_WARN_ENUM_CONVERSION = YES;
				CLANG_WARN_INFINITE_RECURSION = YES;
				CLANG_WARN_INT_CONVERSION = YES;
				CLANG_WARN_NON_LITERAL_NULL_CONVERSION = YES;
				CLANG_WARN_OBJC_IMPLICIT_RETAIN_SELF = YES;
				CLANG_WARN_OBJC_LITERAL_CONVERSION = YES;
				CLANG_WARN_OBJC_ROOT_CLASS = YES_ERROR;
				CLANG_WARN_RANGE_LOOP_ANALYSIS = YES;
				CLANG_WARN_STRICT_PROTOTYPES = YES;
				CLANG_WARN_SUSPICIOUS_MOVE = YES;
				CLANG_WARN_UNGUARDED_AVAILABILITY = YES_AGGRESSIVE;
				CLANG_WARN_UNREACHABLE_CODE = YES;
				CLANG_WARN__DUPLICATE_METHOD_MATCH = YES;
				CODE_SIGN_IDENTITY = "iPhone Developer";
				COPY_PHASE_STRIP = NO;
				DEBUG_INFORMATION_FORMAT = "dwarf-with-dsym";
				ENABLE_NS_ASSERTIONS = NO;
				ENABLE_STRICT_OBJC_MSGSEND = YES;
				GCC_C_LANGUAGE_STANDARD = gnu11;
				GCC_NO_COMMON_BLOCKS = YES;
				GCC_WARN_64_TO_32_BIT_CONVERSION = YES;
				GCC_WARN_ABOUT_RETURN_TYPE = YES_ERROR;
				GCC_WARN_UNDECLARED_SELECTOR = YES;
				GCC_WARN_UNINITIALIZED_AUTOS = YES_AGGRESSIVE;
				GCC_WARN_UNUSED_FUNCTION = YES;
				GCC_WARN_UNUSED_VARIABLE = YES;
				IPHONEOS_DEPLOYMENT_TARGET = 12.1;
				MTL_ENABLE_DEBUG_INFO = NO;
				MTL_FAST_MATH = YES;
				SDKROOT = iphoneos;
				VALIDATE_PRODUCT = YES;
			};
			name = Release;
		};
		878CC7E921F3C42500D05174 /* Debug */ = {
			isa = XCBuildConfiguration;
			buildSettings = {
				ASSETCATALOG_COMPILER_APPICON_NAME = AppIcon;
				CODE_SIGN_STYLE = Automatic;
				DEVELOPMENT_TEAM = 465955C7HD;
				INFOPLIST_FILE = PizzaMoji/Info.plist;
				LD_RUNPATH_SEARCH_PATHS = (
					"$(inherited)",
					"@executable_path/Frameworks",
				);
				PRODUCT_BUNDLE_IDENTIFIER = "Amar-Bhatia.PizzaMoji";
				PRODUCT_NAME = "$(TARGET_NAME)";
				TARGETED_DEVICE_FAMILY = "1,2";
			};
			name = Debug;
		};
		878CC7EA21F3C42500D05174 /* Release */ = {
			isa = XCBuildConfiguration;
			buildSettings = {
				ASSETCATALOG_COMPILER_APPICON_NAME = AppIcon;
				CODE_SIGN_STYLE = Automatic;
				DEVELOPMENT_TEAM = 465955C7HD;
				INFOPLIST_FILE = PizzaMoji/Info.plist;
				LD_RUNPATH_SEARCH_PATHS = (
					"$(inherited)",
					"@executable_path/Frameworks",
				);
				PRODUCT_BUNDLE_IDENTIFIER = "Amar-Bhatia.PizzaMoji";
				PRODUCT_NAME = "$(TARGET_NAME)";
				TARGETED_DEVICE_FAMILY = "1,2";
			};
			name = Release;
		};
/* End XCBuildConfiguration section */

/* Begin XCConfigurationList section */
		878CC7CD21F3C42300D05174 /* Build configuration list for PBXProject "PizzaMoji" */ = {
			isa = XCConfigurationList;
			buildConfigurations = (
				878CC7E621F3C42500D05174 /* Debug */,
				878CC7E721F3C42500D05174 /* Release */,
			);
			defaultConfigurationIsVisible = 0;
			defaultConfigurationName = Release;
		};
		878CC7E821F3C42500D05174 /* Build configuration list for PBXNativeTarget "PizzaMoji" */ = {
			isa = XCConfigurationList;
			buildConfigurations = (
				878CC7E921F3C42500D05174 /* Debug */,
				878CC7EA21F3C42500D05174 /* Release */,
			);
			defaultConfigurationIsVisible = 0;
			defaultConfigurationName = Release;
		};
/* End XCConfigurationList section */
	};
	rootObject = 878CC7CA21F3C42300D05174 /* Project object */;
}
